
Microsoft Visual Studio Solution File, Format Version 12.00
# Visual Studio 15
VisualStudioVersion = 15.0.26430.6
MinimumVisualStudioVersion = 10.0.40219.1
Project("{FAE04EC0-301F-11D3-BF4B-00C04F79EFBC}") = "ToDoListMVC", "ToDoListMVC\ToDoListMVC.csproj", "{DCDAB8AB-62DF-4EB1-92BA-9DEFBC2C8BFB}"
EndProject
Global
	GlobalSection(SolutionConfigurationPlatforms) = preSolution
		Debug|Any CPU = Debug|Any CPU
		Release|Any CPU = Release|Any CPU
	EndGlobalSection
	GlobalSection(ProjectConfigurationPlatforms) = postSolution
		{DCDAB8AB-62DF-4EB1-92BA-9DEFBC2C8BFB}.Debug|Any CPU.ActiveCfg = Debug|Any CPU
		{DCDAB8AB-62DF-4EB1-92BA-9DEFBC2C8BFB}.Debug|Any CPU.Build.0 = Debug|Any CPU
		{DCDAB8AB-62DF-4EB1-92BA-9DEFBC2C8BFB}.Release|Any CPU.ActiveCfg = Release|Any CPU
		{DCDAB8AB-62DF-4EB1-92BA-9DEFBC2C8BFB}.Release|Any CPU.Build.0 = Release|Any CPU
	EndGlobalSection
	GlobalSection(SolutionProperties) = preSolution
		HideSolutionNode = FALSE
	EndGlobalSection
EndGlobal
